<?xml version="1.0" encoding="utf-8"?>
<Project ToolsVersion="4.0" xmlns="http://schemas.microsoft.com/developer/msbuild/2003">
  <ItemGroup>
    <Filter Include="소스 파일">
      <UniqueIdentifier>{4FC737F1-C7A5-4376-A066-2A32D752A2FF}</UniqueIdentifier>
      <Extensions>cpp;c;cc;cxx;c++;cppm;ixx;def;odl;idl;hpj;bat;asm;asmx</Extensions>
    </Filter>
    <Filter Include="리소스 파일">
      <UniqueIdentifier>{67DA6AB6-F800-4c08-8B7A-83BB121AAD01}</UniqueIdentifier>
      <Extensions>rc;ico;cur;bmp;dlg;rc2;rct;bin;rgs;gif;jpg;jpeg;jpe;resx;tiff;tif;png;wav;mfcribbon-ms</Extensions>
    </Filter>
    <Filter Include="소스 파일\ch1">
      <UniqueIdentifier>{70adf95f-af90-4d37-931e-6597ff971a3a}</UniqueIdentifier>
    </Filter>
    <Filter Include="소스 파일\ch2">
      <UniqueIdentifier>{ba0c4eb3-1bfd-40ad-81f7-5198893a4702}</UniqueIdentifier>
    </Filter>
    <Filter Include="소스 파일\ch3">
      <UniqueIdentifier>{5532e560-55d2-46ac-b856-e9c6916c9bec}</UniqueIdentifier>
    </Filter>
    <Filter Include="소스 파일\ch4">
      <UniqueIdentifier>{ceb4cbc1-bf64-4955-8e73-b575010ca9c3}</UniqueIdentifier>
    </Filter>
    <Filter Include="소스 파일\ch5">
      <UniqueIdentifier>{ea5353a7-cb86-4d5b-843f-ed87bb324bbd}</UniqueIdentifier>
    </Filter>
    <Filter Include="소스 파일\ch6">
      <UniqueIdentifier>{e77a9e9b-ff55-44ca-bae0-01caac2fe54d}</UniqueIdentifier>
    </Filter>
    <Filter Include="소스 파일\ch7">
      <UniqueIdentifier>{b7e10c48-4132-4bd1-8620-5bad376812e2}</UniqueIdentifier>
    </Filter>
    <Filter Include="소스 파일\헤더 파일">
      <UniqueIdentifier>{93995380-89BD-4b04-88EB-625FBE52EBFB}</UniqueIdentifier>
      <Extensions>h;hh;hpp;hxx;h++;hm;inl;inc;ipp;xsd</Extensions>
    </Filter>
    <Filter Include="소스 파일\ch8">
      <UniqueIdentifier>{c54427d4-e341-4e5e-9471-7f410801c87f}</UniqueIdentifier>
    </Filter>
    <Filter Include="소스 파일\ch9">
      <UniqueIdentifier>{ef082f0c-feff-4de9-87db-bd58441d3291}</UniqueIdentifier>
    </Filter>
  </ItemGroup>
  <ItemGroup>
    <ClCompile Include="1_2_cin.cpp">
      <Filter>소스 파일\ch1</Filter>
    </ClCompile>
    <ClCompile Include="1_3_cin.cpp">
      <Filter>소스 파일\ch1</Filter>
    </ClCompile>
    <ClCompile Include="1_4_cin.cpp">
      <Filter>소스 파일\ch1</Filter>
    </ClCompile>
    <ClCompile Include="1_cin.cpp">
      <Filter>소스 파일\ch1</Filter>
    </ClCompile>
    <ClCompile Include="2_modulo.cpp">
      <Filter>소스 파일\ch1</Filter>
    </ClCompile>
    <ClCompile Include="3_relational.cpp">
      <Filter>소스 파일\ch1</Filter>
    </ClCompile>
    <ClCompile Include="4_leap_year.cpp">
      <Filter>소스 파일\ch1</Filter>
    </ClCompile>
    <ClCompile Include="5_prec.cpp">
      <Filter>소스 파일\ch1</Filter>
    </ClCompile>
    <ClCompile Include="ch1_ex_6.cpp">
      <Filter>소스 파일\ch1</Filter>
    </ClCompile>
    <ClCompile Include="ch1_ex_2.cpp">
      <Filter>소스 파일\ch1</Filter>
    </ClCompile>
    <ClCompile Include="ch1_ex_3.cpp">
      <Filter>소스 파일\ch1</Filter>
    </ClCompile>
    <ClCompile Include="ch1_ex_4.cpp">
      <Filter>소스 파일\ch1</Filter>
    </ClCompile>
    <ClCompile Include="ch1_ex_5.cpp">
      <Filter>소스 파일\ch1</Filter>
    </ClCompile>
    <ClCompile Include="ch1_ex_7.cpp">
      <Filter>소스 파일\ch1</Filter>
    </ClCompile>
    <ClCompile Include="ch1_pro_1.cpp">
      <Filter>소스 파일\ch1</Filter>
    </ClCompile>
    <ClCompile Include="ch1_pro_2.cpp">
      <Filter>소스 파일\ch1</Filter>
    </ClCompile>
    <ClCompile Include="ch1_pro_3.cpp">
      <Filter>소스 파일\ch1</Filter>
    </ClCompile>
    <ClCompile Include="ch1_pro_4.cpp">
      <Filter>소스 파일\ch1</Filter>
    </ClCompile>
    <ClCompile Include="ch1_pro_5.cpp">
      <Filter>소스 파일\ch1</Filter>
    </ClCompile>
    <ClCompile Include="ch1_pro_6.cpp">
      <Filter>소스 파일\ch1</Filter>
    </ClCompile>
    <ClCompile Include="ch_lab.cpp">
      <Filter>소스 파일\ch1</Filter>
    </ClCompile>
    <ClCompile Include="ch2_pro_1.cpp">
      <Filter>소스 파일\ch2</Filter>
    </ClCompile>
    <ClCompile Include="ch2_pro_2.cpp">
      <Filter>소스 파일\ch2</Filter>
    </ClCompile>
    <ClCompile Include="ch2_pro_3.cpp">
      <Filter>소스 파일\ch2</Filter>
    </ClCompile>
    <ClCompile Include="ch2_pro_4.cpp">
      <Filter>소스 파일\ch2</Filter>
    </ClCompile>
    <ClCompile Include="ch2_pro_5.cpp">
      <Filter>소스 파일\ch2</Filter>
    </ClCompile>
    <ClCompile Include="ch2_pro_6.cpp">
      <Filter>소스 파일\ch2</Filter>
    </ClCompile>
    <ClCompile Include="ch2_pro_7.cpp">
      <Filter>소스 파일\ch2</Filter>
    </ClCompile>
    <ClCompile Include="ch2_pro_8.cpp">
      <Filter>소스 파일\ch2</Filter>
    </ClCompile>
    <ClCompile Include="ch2_pro_9.cpp">
      <Filter>소스 파일\ch2</Filter>
    </ClCompile>
    <ClCompile Include="ch2_pro_10.cpp">
      <Filter>소스 파일\ch2</Filter>
    </ClCompile>
    <ClCompile Include="ch2_pro_11.cpp">
      <Filter>소스 파일\ch2</Filter>
    </ClCompile>
    <ClCompile Include="ch2_pro_12.cpp">
      <Filter>소스 파일\ch2</Filter>
    </ClCompile>
    <ClCompile Include="ch2_lab_1.cpp">
      <Filter>소스 파일\ch2</Filter>
    </ClCompile>
    <ClCompile Include="ch2_lab_2.cpp">
      <Filter>소스 파일\ch2</Filter>
    </ClCompile>
    <ClCompile Include="ch2_lab3.cpp">
      <Filter>소스 파일\ch2</Filter>
    </ClCompile>
    <ClCompile Include="ch2_lab_4.cpp">
      <Filter>소스 파일\ch2</Filter>
    </ClCompile>
    <ClCompile Include="ch3_pro_1.cpp">
      <Filter>소스 파일\ch3</Filter>
    </ClCompile>
    <ClCompile Include="ch3_pro_2.cpp">
      <Filter>소스 파일\ch3</Filter>
    </ClCompile>
    <ClCompile Include="ch3_pro_3.cpp">
      <Filter>소스 파일\ch3</Filter>
    </ClCompile>
    <ClCompile Include="ch3_pro_4.cpp">
      <Filter>소스 파일\ch3</Filter>
    </ClCompile>
    <ClCompile Include="ch3_pro_5.cpp">
      <Filter>소스 파일\ch3</Filter>
    </ClCompile>
    <ClCompile Include="ch3_pro_6.cpp">
      <Filter>소스 파일\ch3</Filter>
    </ClCompile>
    <ClCompile Include="ch3_pro_7.cpp">
      <Filter>소스 파일\ch3</Filter>
    </ClCompile>
    <ClCompile Include="ch3_pro_8.cpp">
      <Filter>소스 파일\ch3</Filter>
    </ClCompile>
    <ClCompile Include="ch3_pro_9.cpp">
      <Filter>소스 파일\ch3</Filter>
    </ClCompile>
    <ClCompile Include="ch3_pro_10.cpp">
      <Filter>소스 파일\ch3</Filter>
    </ClCompile>
    <ClCompile Include="ch3_pro_11.cpp">
      <Filter>소스 파일\ch3</Filter>
    </ClCompile>
    <ClCompile Include="ch3_pro_12.cpp">
      <Filter>소스 파일\ch3</Filter>
    </ClCompile>
    <ClCompile Include="ch3_pro_13.cpp">
      <Filter>소스 파일\ch3</Filter>
    </ClCompile>
    <ClCompile Include="ch3_lab_1.cpp">
      <Filter>소스 파일\ch3</Filter>
    </ClCompile>
    <ClCompile Include="ch3_lab_2.cpp">
      <Filter>소스 파일\ch3</Filter>
    </ClCompile>
    <ClCompile Include="ch3_lab_3.cpp">
      <Filter>소스 파일\ch3</Filter>
    </ClCompile>
    <ClCompile Include="ch3_lab_4.cpp">
      <Filter>소스 파일\ch3</Filter>
    </ClCompile>
    <ClCompile Include="1_string1.cpp">
      <Filter>소스 파일\ch4</Filter>
    </ClCompile>
    <ClCompile Include="2_string2.cpp">
      <Filter>소스 파일\ch4</Filter>
    </ClCompile>
    <ClCompile Include="3_string3.cpp">
      <Filter>소스 파일\ch4</Filter>
    </ClCompile>
    <ClCompile Include="4_string3.cpp">
      <Filter>소스 파일\ch4</Filter>
    </ClCompile>
    <ClCompile Include="5_string4.cpp">
      <Filter>소스 파일\ch4</Filter>
    </ClCompile>
    <ClCompile Include="6_string5.cpp">
      <Filter>소스 파일\ch4</Filter>
    </ClCompile>
    <ClCompile Include="6_string4.cpp">
      <Filter>소스 파일\ch4</Filter>
    </ClCompile>
    <ClCompile Include="7_hangman.cpp">
      <Filter>소스 파일\ch4</Filter>
    </ClCompile>
    <ClCompile Include="2_car2.cpp">
      <Filter>소스 파일\ch5</Filter>
    </ClCompile>
    <ClCompile Include="3_date.cpp">
      <Filter>소스 파일\ch5</Filter>
    </ClCompile>
    <ClCompile Include="4_car2.cpp">
      <Filter>소스 파일\ch5</Filter>
    </ClCompile>
    <ClCompile Include="1_car.cpp">
      <Filter>소스 파일\ch5</Filter>
    </ClCompile>
    <ClCompile Include="5_employee.cpp">
      <Filter>소스 파일\ch5</Filter>
    </ClCompile>
    <ClCompile Include="6_car3.cpp">
      <Filter>소스 파일\ch5</Filter>
    </ClCompile>
    <ClCompile Include="7_car4.cpp">
      <Filter>소스 파일\ch5</Filter>
    </ClCompile>
    <ClCompile Include="car.cpp">
      <Filter>소스 파일\ch5</Filter>
    </ClCompile>
    <ClCompile Include="main.cpp">
      <Filter>소스 파일\ch5</Filter>
    </ClCompile>
    <ClCompile Include="8_car5.cpp">
      <Filter>소스 파일\ch5</Filter>
    </ClCompile>
    <ClCompile Include="car_race_func.cpp">
      <Filter>소스 파일\ch5</Filter>
    </ClCompile>
    <ClCompile Include="car_race_main.cpp">
      <Filter>소스 파일\ch5</Filter>
    </ClCompile>
    <ClCompile Include="9_bank_account.cpp">
      <Filter>소스 파일\ch5</Filter>
    </ClCompile>
    <ClCompile Include="10_desk_lamp.cpp">
      <Filter>소스 파일\ch5</Filter>
    </ClCompile>
    <ClCompile Include="11_date.cpp">
      <Filter>소스 파일\ch5</Filter>
    </ClCompile>
    <ClCompile Include="12_product.cpp">
      <Filter>소스 파일\ch5</Filter>
    </ClCompile>
    <ClCompile Include="1_car1.cpp">
      <Filter>소스 파일\ch6</Filter>
    </ClCompile>
    <ClCompile Include="2_mcar2.cpp">
      <Filter>소스 파일\ch6</Filter>
    </ClCompile>
    <ClCompile Include="3_mcar3.cpp">
      <Filter>소스 파일\ch6</Filter>
    </ClCompile>
    <ClCompile Include="book.cpp">
      <Filter>소스 파일\ch6</Filter>
    </ClCompile>
    <ClCompile Include="triangle.cpp">
      <Filter>소스 파일\ch6</Filter>
    </ClCompile>
    <ClCompile Include="4_car1.cpp">
      <Filter>소스 파일\ch6</Filter>
    </ClCompile>
    <ClCompile Include="5_car_2.cpp">
      <Filter>소스 파일\ch6</Filter>
    </ClCompile>
    <ClCompile Include="6_car3_2.cpp">
      <Filter>소스 파일\ch6</Filter>
    </ClCompile>
    <ClCompile Include="7_car4_2.cpp">
      <Filter>소스 파일\ch6</Filter>
    </ClCompile>
    <ClCompile Include="8_car4_3.cpp">
      <Filter>소스 파일\ch6</Filter>
    </ClCompile>
    <ClCompile Include="9_디폴트_매개변수.cpp">
      <Filter>소스 파일\ch6</Filter>
    </ClCompile>
    <ClCompile Include="10_생성자에서_다른_생성자_호출하기.cpp">
      <Filter>소스 파일\ch6</Filter>
    </ClCompile>
    <ClCompile Include="11_소멸자_car5.cpp">
      <Filter>소스 파일\ch6</Filter>
    </ClCompile>
    <ClCompile Include="12_멤버초기화_목록_1.cpp">
      <Filter>소스 파일\ch6</Filter>
    </ClCompile>
    <ClCompile Include="13_멤버초기화_목록_2.cpp">
      <Filter>소스 파일\ch6</Filter>
    </ClCompile>
    <ClCompile Include="14_멤버초기화_목록_3.cpp">
      <Filter>소스 파일\ch6</Filter>
    </ClCompile>
    <ClCompile Include="16_car6.cpp">
      <Filter>소스 파일\ch6</Filter>
    </ClCompile>
    <ClCompile Include="17_student1.cpp">
      <Filter>소스 파일\ch6</Filter>
    </ClCompile>
    <ClCompile Include="18_car8.cpp">
      <Filter>소스 파일\ch6</Filter>
    </ClCompile>
    <ClCompile Include="19_car9.cpp">
      <Filter>소스 파일\ch6</Filter>
    </ClCompile>
    <ClCompile Include="20_date.cpp">
      <Filter>소스 파일\ch6</Filter>
    </ClCompile>
    <ClCompile Include="21_time.cpp">
      <Filter>소스 파일\ch6</Filter>
    </ClCompile>
    <ClCompile Include="22_circle.cpp">
      <Filter>소스 파일\ch6</Filter>
    </ClCompile>
    <ClCompile Include="1_dyn_object.cpp">
      <Filter>소스 파일\ch7</Filter>
    </ClCompile>
    <ClCompile Include="2_car.cpp">
      <Filter>소스 파일\ch7</Filter>
    </ClCompile>
    <ClCompile Include="3_const수식자.cpp">
      <Filter>소스 파일\ch7</Filter>
    </ClCompile>
    <ClCompile Include="4_const수식자.cpp">
      <Filter>소스 파일\ch7</Filter>
    </ClCompile>
    <ClCompile Include="5_const수식자.cpp">
      <Filter>소스 파일\ch7</Filter>
    </ClCompile>
    <ClCompile Include="6_객체와 연산자.cpp">
      <Filter>소스 파일\ch7</Filter>
    </ClCompile>
    <ClCompile Include="7_object_func1.cpp">
      <Filter>소스 파일\ch7</Filter>
    </ClCompile>
    <ClCompile Include="8_object_func_2.cpp">
      <Filter>소스 파일\ch7</Filter>
    </ClCompile>
    <ClCompile Include="9_object_func3.cpp">
      <Filter>소스 파일\ch7</Filter>
    </ClCompile>
    <ClCompile Include="10_object_func4.cpp">
      <Filter>소스 파일\ch7</Filter>
    </ClCompile>
    <ClCompile Include="11_temp_obj.cpp">
      <Filter>소스 파일\ch7</Filter>
    </ClCompile>
    <ClCompile Include="12_static.cpp">
      <Filter>소스 파일\ch7</Filter>
    </ClCompile>
    <ClCompile Include="13_object_array.cpp">
      <Filter>소스 파일\ch7</Filter>
    </ClCompile>
    <ClCompile Include="14_object_array1.cpp">
      <Filter>소스 파일\ch7</Filter>
    </ClCompile>
    <ClCompile Include="15_alarm_clock.cpp">
      <Filter>소스 파일\ch7</Filter>
    </ClCompile>
    <ClCompile Include="1_inhri_car.cpp">
      <Filter>소스 파일\ch8</Filter>
    </ClCompile>
    <ClCompile Include="2_inheri_employee.cpp">
      <Filter>소스 파일\ch8</Filter>
    </ClCompile>
    <ClCompile Include="3_inheri_shape1.cpp">
      <Filter>소스 파일\ch8</Filter>
    </ClCompile>
    <ClCompile Include="4_inheri_shape2.cpp">
      <Filter>소스 파일\ch8</Filter>
    </ClCompile>
    <ClCompile Include="5_inheri_car1.cpp">
      <Filter>소스 파일\ch8</Filter>
    </ClCompile>
    <ClCompile Include="6_inheri_child.cpp">
      <Filter>소스 파일\ch8</Filter>
    </ClCompile>
    <ClCompile Include="7_inheri_car2.cpp">
      <Filter>소스 파일\ch8</Filter>
    </ClCompile>
    <ClCompile Include="8_inheri_child2.cpp">
      <Filter>소스 파일\ch8</Filter>
    </ClCompile>
    <ClCompile Include="9_inheri_multi.cpp">
      <Filter>소스 파일\ch8</Filter>
    </ClCompile>
    <ClCompile Include="10_inheri_multi2.cpp">
      <Filter>소스 파일\ch8</Filter>
    </ClCompile>
    <ClCompile Include="1_shape.cpp">
      <Filter>소스 파일\ch9</Filter>
    </ClCompile>
    <ClCompile Include="2_shape2.cpp">
      <Filter>소스 파일\ch9</Filter>
    </ClCompile>
    <ClCompile Include="3_shape3.cpp">
      <Filter>소스 파일\ch9</Filter>
    </ClCompile>
    <ClCompile Include="14주차 실습.cpp">
      <Filter>소스 파일\ch9</Filter>
    </ClCompile>
    <ClCompile Include="원,점클래스작성.cpp">
      <Filter>소스 파일\ch9</Filter>
    </ClCompile>
    <ClCompile Include="삼각형.cpp">
      <Filter>소스 파일\ch9</Filter>
    </ClCompile>
  </ItemGroup>
  <ItemGroup>
    <ClInclude Include="car.h">
      <Filter>소스 파일\ch5</Filter>
    </ClInclude>
    <ClInclude Include="car_race.h">
      <Filter>소스 파일\ch5</Filter>
    </ClInclude>
  </ItemGroup>
</Project>